{
  "requires": true,
  "lockfileVersion": 1,
  "dependencies": {
    "react-native-screens": {
      "version": "3.2.0",
      "resolved": "https://registry.npmjs.org/react-native-screens/-/react-native-screens-3.2.0.tgz",
      "integrity": "sha512-pV4a32neQA69xhVsL9k1J/rM/SiP5zgGHjJsnNVEcuhBu+dlsutT2YFszQN4MgpP2dhHHu1O7DyRSHti+wh7Wg=="
    }
  }
}
